// !$*UTF8*$!
{
	archiveVersion = 1;
	classes = {
	};
	objectVersion = 56;
	objects = {

/* Begin PBXBuildFile section */
		7D241478235E060BA31BF4F8 /* Pods_IOS_Collob.framework in Frameworks */ = {isa = PBXBuildFile; fileRef = F4D239250B1DA2D2B22FC5AD /* Pods_IOS_Collob.framework */; };
		C30853B82C246BDC002AB3D0 /* OnboardingCollectionViewCell.swift in Sources */ = {isa = PBXBuildFile; fileRef = C30853B72C246BDC002AB3D0 /* OnboardingCollectionViewCell.swift */; };
		C30853BA2C246BF7002AB3D0 /* LoginViewController.swift in Sources */ = {isa = PBXBuildFile; fileRef = C30853B92C246BF7002AB3D0 /* LoginViewController.swift */; };
		C30853BC2C246BFF002AB3D0 /* OnboardingViewController.swift in Sources */ = {isa = PBXBuildFile; fileRef = C30853BB2C246BFF002AB3D0 /* OnboardingViewController.swift */; };
		C30853BE2C246C06002AB3D0 /* SignupViewController.swift in Sources */ = {isa = PBXBuildFile; fileRef = C30853BD2C246C06002AB3D0 /* SignupViewController.swift */; };
		C30853C02C246C1D002AB3D0 /* OnboardingStoryboard.storyboard in Resources */ = {isa = PBXBuildFile; fileRef = C30853BF2C246C1D002AB3D0 /* OnboardingStoryboard.storyboard */; };
		C30853C32C246C3C002AB3D0 /* OnboardingSlide.swift in Sources */ = {isa = PBXBuildFile; fileRef = C30853C22C246C3C002AB3D0 /* OnboardingSlide.swift */; };
		C31B2E5E2C24728100D520AE /* UserProfileVC.swift in Sources */ = {isa = PBXBuildFile; fileRef = C31B2E5D2C24728100D520AE /* UserProfileVC.swift */; };
		C31B2E602C24728A00D520AE /* UserProfilePopularSongTblCell.swift in Sources */ = {isa = PBXBuildFile; fileRef = C31B2E5F2C24728A00D520AE /* UserProfilePopularSongTblCell.swift */; };
		C31B2E622C24729000D520AE /* UserProfileLikedSongTblCell.swift in Sources */ = {isa = PBXBuildFile; fileRef = C31B2E612C24729000D520AE /* UserProfileLikedSongTblCell.swift */; };
		C31B2E642C2472B500D520AE /* UserProfile.storyboard in Resources */ = {isa = PBXBuildFile; fileRef = C31B2E632C2472B500D520AE /* UserProfile.storyboard */; };
		C31B2E662C2472C400D520AE /* PopularSongsCvCell.swift in Sources */ = {isa = PBXBuildFile; fileRef = C31B2E652C2472C400D520AE /* PopularSongsCvCell.swift */; };
		C31B2E682C2472D100D520AE /* LikedSongCvCell.swift in Sources */ = {isa = PBXBuildFile; fileRef = C31B2E672C2472D100D520AE /* LikedSongCvCell.swift */; };
		C3216A902C2462FE00A538F0 /* AlbumTableViewCell.swift in Sources */ = {isa = PBXBuildFile; fileRef = C3216A8F2C2462FE00A538F0 /* AlbumTableViewCell.swift */; };
		C3216A932C24631C00A538F0 /* Extensions.swift in Sources */ = {isa = PBXBuildFile; fileRef = C3216A922C24631C00A538F0 /* Extensions.swift */; };
		C3216A952C24632500A538F0 /* HomeStoryboard.storyboard in Resources */ = {isa = PBXBuildFile; fileRef = C3216A942C24632500A538F0 /* HomeStoryboard.storyboard */; };
		C3216A972C24632A00A538F0 /* HomeViewController.swift in Sources */ = {isa = PBXBuildFile; fileRef = C3216A962C24632A00A538F0 /* HomeViewController.swift */; };
		C3216A992C24633400A538F0 /* AlbumCollectionViewCell.swift in Sources */ = {isa = PBXBuildFile; fileRef = C3216A982C24633400A538F0 /* AlbumCollectionViewCell.swift */; };
		C3216A9B2C24633F00A538F0 /* SearchTableViewCell.swift in Sources */ = {isa = PBXBuildFile; fileRef = C3216A9A2C24633F00A538F0 /* SearchTableViewCell.swift */; };
		C33BB04F2C25A4190093593A /* MenuListVC.swift in Sources */ = {isa = PBXBuildFile; fileRef = C33BB04E2C25A4190093593A /* MenuListVC.swift */; };
		C35548BD2C247CAA002AFD7F /* CustomTabbarController.swift in Sources */ = {isa = PBXBuildFile; fileRef = C35548BB2C247CAA002AFD7F /* CustomTabbarController.swift */; };
		C35548BE2C247CAA002AFD7F /* CustomTabbar.swift in Sources */ = {isa = PBXBuildFile; fileRef = C35548BC2C247CAA002AFD7F /* CustomTabbar.swift */; };
		C35548C02C247CBD002AFD7F /* DetailScreen.storyboard in Resources */ = {isa = PBXBuildFile; fileRef = C35548BF2C247CBD002AFD7F /* DetailScreen.storyboard */; };
		C35548C22C247CC7002AFD7F /* Main.storyboard in Resources */ = {isa = PBXBuildFile; fileRef = C35548C12C247CC7002AFD7F /* Main.storyboard */; };
		C35548C42C247CD5002AFD7F /* DetailsScreenVC.swift in Sources */ = {isa = PBXBuildFile; fileRef = C35548C32C247CD5002AFD7F /* DetailsScreenVC.swift */; };
		C35548C72C247CDE002AFD7F /* SongListTableViewCell.swift in Sources */ = {isa = PBXBuildFile; fileRef = C35548C52C247CDE002AFD7F /* SongListTableViewCell.swift */; };
		C35548C82C247CDE002AFD7F /* MusicDetailTableViewCell.swift in Sources */ = {isa = PBXBuildFile; fileRef = C35548C62C247CDE002AFD7F /* MusicDetailTableViewCell.swift */; };
		C3D86D012C23E6B900F6D63A /* AppDelegate.swift in Sources */ = {isa = PBXBuildFile; fileRef = C3D86D002C23E6B900F6D63A /* AppDelegate.swift */; };
		C3D86D032C23E6B900F6D63A /* SceneDelegate.swift in Sources */ = {isa = PBXBuildFile; fileRef = C3D86D022C23E6B900F6D63A /* SceneDelegate.swift */; };
		C3D86D052C23E6B900F6D63A /* ViewController.swift in Sources */ = {isa = PBXBuildFile; fileRef = C3D86D042C23E6B900F6D63A /* ViewController.swift */; };
		C3D86D0B2C23E6B900F6D63A /* IOS_Collob.xcdatamodeld in Sources */ = {isa = PBXBuildFile; fileRef = C3D86D092C23E6B900F6D63A /* IOS_Collob.xcdatamodeld */; };
		C3D86D0D2C23E6BA00F6D63A /* Assets.xcassets in Resources */ = {isa = PBXBuildFile; fileRef = C3D86D0C2C23E6BA00F6D63A /* Assets.xcassets */; };
		C3D86D102C23E6BA00F6D63A /* Base in Resources */ = {isa = PBXBuildFile; fileRef = C3D86D0F2C23E6BA00F6D63A /* Base */; };
		C3FB5A3B2C245E03002F0F87 /* MusicPlayeScreen.storyboard in Resources */ = {isa = PBXBuildFile; fileRef = C3FB5A3A2C245E03002F0F87 /* MusicPlayeScreen.storyboard */; };
		C3FB5A3D2C245E0B002F0F87 /* MusicPlayerScreenVC.swift in Sources */ = {isa = PBXBuildFile; fileRef = C3FB5A3C2C245E0B002F0F87 /* MusicPlayerScreenVC.swift */; };
		C3FB5A3F2C245E0F002F0F87 /* MusicListTableCell.swift in Sources */ = {isa = PBXBuildFile; fileRef = C3FB5A3E2C245E0F002F0F87 /* MusicListTableCell.swift */; };
/* End PBXBuildFile section */

/* Begin PBXFileReference section */
		C30853B72C246BDC002AB3D0 /* OnboardingCollectionViewCell.swift */ = {isa = PBXFileReference; fileEncoding = 4; lastKnownFileType = sourcecode.swift; path = OnboardingCollectionViewCell.swift; sourceTree = "<group>"; };
		C30853B92C246BF7002AB3D0 /* LoginViewController.swift */ = {isa = PBXFileReference; fileEncoding = 4; lastKnownFileType = sourcecode.swift; path = LoginViewController.swift; sourceTree = "<group>"; };
		C30853BB2C246BFF002AB3D0 /* OnboardingViewController.swift */ = {isa = PBXFileReference; fileEncoding = 4; lastKnownFileType = sourcecode.swift; path = OnboardingViewController.swift; sourceTree = "<group>"; };
		C30853BD2C246C06002AB3D0 /* SignupViewController.swift */ = {isa = PBXFileReference; fileEncoding = 4; lastKnownFileType = sourcecode.swift; path = SignupViewController.swift; sourceTree = "<group>"; };
		C30853BF2C246C1D002AB3D0 /* OnboardingStoryboard.storyboard */ = {isa = PBXFileReference; fileEncoding = 4; lastKnownFileType = file.storyboard; path = OnboardingStoryboard.storyboard; sourceTree = "<group>"; };
		C30853C22C246C3C002AB3D0 /* OnboardingSlide.swift */ = {isa = PBXFileReference; fileEncoding = 4; lastKnownFileType = sourcecode.swift; path = OnboardingSlide.swift; sourceTree = "<group>"; };
		C31B2E5D2C24728100D520AE /* UserProfileVC.swift */ = {isa = PBXFileReference; fileEncoding = 4; lastKnownFileType = sourcecode.swift; path = UserProfileVC.swift; sourceTree = "<group>"; };
		C31B2E5F2C24728A00D520AE /* UserProfilePopularSongTblCell.swift */ = {isa = PBXFileReference; fileEncoding = 4; lastKnownFileType = sourcecode.swift; path = UserProfilePopularSongTblCell.swift; sourceTree = "<group>"; };
		C31B2E612C24729000D520AE /* UserProfileLikedSongTblCell.swift */ = {isa = PBXFileReference; fileEncoding = 4; lastKnownFileType = sourcecode.swift; path = UserProfileLikedSongTblCell.swift; sourceTree = "<group>"; };
		C31B2E632C2472B500D520AE /* UserProfile.storyboard */ = {isa = PBXFileReference; fileEncoding = 4; lastKnownFileType = file.storyboard; path = UserProfile.storyboard; sourceTree = "<group>"; };
		C31B2E652C2472C400D520AE /* PopularSongsCvCell.swift */ = {isa = PBXFileReference; fileEncoding = 4; lastKnownFileType = sourcecode.swift; path = PopularSongsCvCell.swift; sourceTree = "<group>"; };
		C31B2E672C2472D100D520AE /* LikedSongCvCell.swift */ = {isa = PBXFileReference; fileEncoding = 4; lastKnownFileType = sourcecode.swift; path = LikedSongCvCell.swift; sourceTree = "<group>"; };
		C3216A8F2C2462FE00A538F0 /* AlbumTableViewCell.swift */ = {isa = PBXFileReference; fileEncoding = 4; lastKnownFileType = sourcecode.swift; path = AlbumTableViewCell.swift; sourceTree = "<group>"; };
		C3216A922C24631C00A538F0 /* Extensions.swift */ = {isa = PBXFileReference; fileEncoding = 4; lastKnownFileType = sourcecode.swift; path = Extensions.swift; sourceTree = "<group>"; };
		C3216A942C24632500A538F0 /* HomeStoryboard.storyboard */ = {isa = PBXFileReference; fileEncoding = 4; lastKnownFileType = file.storyboard; path = HomeStoryboard.storyboard; sourceTree = "<group>"; };
		C3216A962C24632A00A538F0 /* HomeViewController.swift */ = {isa = PBXFileReference; fileEncoding = 4; lastKnownFileType = sourcecode.swift; path = HomeViewController.swift; sourceTree = "<group>"; };
		C3216A982C24633400A538F0 /* AlbumCollectionViewCell.swift */ = {isa = PBXFileReference; fileEncoding = 4; lastKnownFileType = sourcecode.swift; path = AlbumCollectionViewCell.swift; sourceTree = "<group>"; };
		C3216A9A2C24633F00A538F0 /* SearchTableViewCell.swift */ = {isa = PBXFileReference; fileEncoding = 4; lastKnownFileType = sourcecode.swift; path = SearchTableViewCell.swift; sourceTree = "<group>"; };
		C33BB04E2C25A4190093593A /* MenuListVC.swift */ = {isa = PBXFileReference; lastKnownFileType = sourcecode.swift; path = MenuListVC.swift; sourceTree = "<group>"; };
		C35548BB2C247CAA002AFD7F /* CustomTabbarController.swift */ = {isa = PBXFileReference; fileEncoding = 4; lastKnownFileType = sourcecode.swift; path = CustomTabbarController.swift; sourceTree = "<group>"; };
		C35548BC2C247CAA002AFD7F /* CustomTabbar.swift */ = {isa = PBXFileReference; fileEncoding = 4; lastKnownFileType = sourcecode.swift; path = CustomTabbar.swift; sourceTree = "<group>"; };
		C35548BF2C247CBD002AFD7F /* DetailScreen.storyboard */ = {isa = PBXFileReference; fileEncoding = 4; lastKnownFileType = file.storyboard; path = DetailScreen.storyboard; sourceTree = "<group>"; };
		C35548C12C247CC7002AFD7F /* Main.storyboard */ = {isa = PBXFileReference; fileEncoding = 4; lastKnownFileType = file.storyboard; path = Main.storyboard; sourceTree = "<group>"; };
		C35548C32C247CD5002AFD7F /* DetailsScreenVC.swift */ = {isa = PBXFileReference; fileEncoding = 4; lastKnownFileType = sourcecode.swift; path = DetailsScreenVC.swift; sourceTree = "<group>"; };
		C35548C52C247CDE002AFD7F /* SongListTableViewCell.swift */ = {isa = PBXFileReference; fileEncoding = 4; lastKnownFileType = sourcecode.swift; path = SongListTableViewCell.swift; sourceTree = "<group>"; };
		C35548C62C247CDE002AFD7F /* MusicDetailTableViewCell.swift */ = {isa = PBXFileReference; fileEncoding = 4; lastKnownFileType = sourcecode.swift; path = MusicDetailTableViewCell.swift; sourceTree = "<group>"; };
		C3D86CFD2C23E6B900F6D63A /* IOS_Collob.app */ = {isa = PBXFileReference; explicitFileType = wrapper.application; includeInIndex = 0; path = IOS_Collob.app; sourceTree = BUILT_PRODUCTS_DIR; };
		C3D86D002C23E6B900F6D63A /* AppDelegate.swift */ = {isa = PBXFileReference; lastKnownFileType = sourcecode.swift; path = AppDelegate.swift; sourceTree = "<group>"; };
		C3D86D022C23E6B900F6D63A /* SceneDelegate.swift */ = {isa = PBXFileReference; lastKnownFileType = sourcecode.swift; path = SceneDelegate.swift; sourceTree = "<group>"; };
		C3D86D042C23E6B900F6D63A /* ViewController.swift */ = {isa = PBXFileReference; lastKnownFileType = sourcecode.swift; path = ViewController.swift; sourceTree = "<group>"; };
		C3D86D0A2C23E6B900F6D63A /* IOS_Collob.xcdatamodel */ = {isa = PBXFileReference; lastKnownFileType = wrapper.xcdatamodel; path = IOS_Collob.xcdatamodel; sourceTree = "<group>"; };
		C3D86D0C2C23E6BA00F6D63A /* Assets.xcassets */ = {isa = PBXFileReference; lastKnownFileType = folder.assetcatalog; path = Assets.xcassets; sourceTree = "<group>"; };
		C3D86D0F2C23E6BA00F6D63A /* Base */ = {isa = PBXFileReference; lastKnownFileType = file.storyboard; name = Base; path = Base.lproj/LaunchScreen.storyboard; sourceTree = "<group>"; };
		C3D86D112C23E6BA00F6D63A /* Info.plist */ = {isa = PBXFileReference; lastKnownFileType = text.plist.xml; path = Info.plist; sourceTree = "<group>"; };
		C3FB5A3A2C245E03002F0F87 /* MusicPlayeScreen.storyboard */ = {isa = PBXFileReference; fileEncoding = 4; lastKnownFileType = file.storyboard; path = MusicPlayeScreen.storyboard; sourceTree = "<group>"; };
		C3FB5A3C2C245E0B002F0F87 /* MusicPlayerScreenVC.swift */ = {isa = PBXFileReference; fileEncoding = 4; lastKnownFileType = sourcecode.swift; path = MusicPlayerScreenVC.swift; sourceTree = "<group>"; };
		C3FB5A3E2C245E0F002F0F87 /* MusicListTableCell.swift */ = {isa = PBXFileReference; fileEncoding = 4; lastKnownFileType = sourcecode.swift; path = MusicListTableCell.swift; sourceTree = "<group>"; };
		C7191D6673492B7D61819CE5 /* Pods-IOS_Collob.debug.xcconfig */ = {isa = PBXFileReference; includeInIndex = 1; lastKnownFileType = text.xcconfig; name = "Pods-IOS_Collob.debug.xcconfig"; path = "Target Support Files/Pods-IOS_Collob/Pods-IOS_Collob.debug.xcconfig"; sourceTree = "<group>"; };
		DEF0200C6298CEC83613953E /* Pods-IOS_Collob.release.xcconfig */ = {isa = PBXFileReference; includeInIndex = 1; lastKnownFileType = text.xcconfig; name = "Pods-IOS_Collob.release.xcconfig"; path = "Target Support Files/Pods-IOS_Collob/Pods-IOS_Collob.release.xcconfig"; sourceTree = "<group>"; };
		F4D239250B1DA2D2B22FC5AD /* Pods_IOS_Collob.framework */ = {isa = PBXFileReference; explicitFileType = wrapper.framework; includeInIndex = 0; path = Pods_IOS_Collob.framework; sourceTree = BUILT_PRODUCTS_DIR; };
/* End PBXFileReference section */

/* Begin PBXFrameworksBuildPhase section */
		C3D86CFA2C23E6B900F6D63A /* Frameworks */ = {
			isa = PBXFrameworksBuildPhase;
			buildActionMask = 2147483647;
			files = (
				7D241478235E060BA31BF4F8 /* Pods_IOS_Collob.framework in Frameworks */,
			);
			runOnlyForDeploymentPostprocessing = 0;
		};
/* End PBXFrameworksBuildPhase section */

/* Begin PBXGroup section */
		76549769A3CC68C61BA25455 /* Pods */ = {
			isa = PBXGroup;
			children = (
				C7191D6673492B7D61819CE5 /* Pods-IOS_Collob.debug.xcconfig */,
				DEF0200C6298CEC83613953E /* Pods-IOS_Collob.release.xcconfig */,
			);
			path = Pods;
			sourceTree = "<group>";
		};
		C30853C12C246C2E002AB3D0 /* Model */ = {
			isa = PBXGroup;
			children = (
				C30853C22C246C3C002AB3D0 /* OnboardingSlide.swift */,
			);
			path = Model;
			sourceTree = "<group>";
		};
		C3216A8C2C24625D00A538F0 /* CollectionViewCell */ = {
			isa = PBXGroup;
			children = (
				C31B2E672C2472D100D520AE /* LikedSongCvCell.swift */,
				C31B2E652C2472C400D520AE /* PopularSongsCvCell.swift */,
				C30853B72C246BDC002AB3D0 /* OnboardingCollectionViewCell.swift */,
				C3216A982C24633400A538F0 /* AlbumCollectionViewCell.swift */,
			);
			path = CollectionViewCell;
			sourceTree = "<group>";
		};
		C3216A912C24630500A538F0 /* Extension */ = {
			isa = PBXGroup;
			children = (
				C3216A922C24631C00A538F0 /* Extensions.swift */,
			);
			path = Extension;
			sourceTree = "<group>";
		};
		C35548BA2C247C9B002AFD7F /* CustomTabbar */ = {
			isa = PBXGroup;
			children = (
				C35548BC2C247CAA002AFD7F /* CustomTabbar.swift */,
				C35548BB2C247CAA002AFD7F /* CustomTabbarController.swift */,
			);
			path = CustomTabbar;
			sourceTree = "<group>";
		};
		C3D86CF42C23E6B900F6D63A = {
			isa = PBXGroup;
			children = (
				C3D86CFF2C23E6B900F6D63A /* IOS_Collob */,
				C3D86CFE2C23E6B900F6D63A /* Products */,
				76549769A3CC68C61BA25455 /* Pods */,
				E2CAB3E13711BD56E6572318 /* Frameworks */,
			);
			sourceTree = "<group>";
		};
		C3D86CFE2C23E6B900F6D63A /* Products */ = {
			isa = PBXGroup;
			children = (
				C3D86CFD2C23E6B900F6D63A /* IOS_Collob.app */,
			);
			name = Products;
			sourceTree = "<group>";
		};
		C3D86CFF2C23E6B900F6D63A /* IOS_Collob */ = {
			isa = PBXGroup;
			children = (
				C35548BA2C247C9B002AFD7F /* CustomTabbar */,
				C30853C12C246C2E002AB3D0 /* Model */,
				C3216A912C24630500A538F0 /* Extension */,
				C3D86D1D2C23F73100F6D63A /* Cell */,
				C3D86D1B2C23E6E800F6D63A /* NetworkManager */,
				C3D86D1A2C23E6DE00F6D63A /* ViewModal */,
				C3D86D182C23E6CF00F6D63A /* UI */,
				C3D86D172C23E6C600F6D63A /* ViewController */,
				C3D86D002C23E6B900F6D63A /* AppDelegate.swift */,
				C3D86D022C23E6B900F6D63A /* SceneDelegate.swift */,
				C3D86D0C2C23E6BA00F6D63A /* Assets.xcassets */,
				C3D86D0E2C23E6BA00F6D63A /* LaunchScreen.storyboard */,
				C3D86D112C23E6BA00F6D63A /* Info.plist */,
				C3D86D092C23E6B900F6D63A /* IOS_Collob.xcdatamodeld */,
			);
			path = IOS_Collob;
			sourceTree = "<group>";
		};
		C3D86D172C23E6C600F6D63A /* ViewController */ = {
			isa = PBXGroup;
			children = (
				C35548C32C247CD5002AFD7F /* DetailsScreenVC.swift */,
				C3D86D042C23E6B900F6D63A /* ViewController.swift */,
				C30853B92C246BF7002AB3D0 /* LoginViewController.swift */,
				C31B2E5D2C24728100D520AE /* UserProfileVC.swift */,
				C3FB5A3C2C245E0B002F0F87 /* MusicPlayerScreenVC.swift */,
				C30853BD2C246C06002AB3D0 /* SignupViewController.swift */,
				C30853BB2C246BFF002AB3D0 /* OnboardingViewController.swift */,
				C3216A962C24632A00A538F0 /* HomeViewController.swift */,
				C33BB04E2C25A4190093593A /* MenuListVC.swift */,
			);
			path = ViewController;
			sourceTree = "<group>";
		};
		C3D86D182C23E6CF00F6D63A /* UI */ = {
			isa = PBXGroup;
			children = (
				C35548C12C247CC7002AFD7F /* Main.storyboard */,
				C35548BF2C247CBD002AFD7F /* DetailScreen.storyboard */,
				C31B2E632C2472B500D520AE /* UserProfile.storyboard */,
				C3FB5A3A2C245E03002F0F87 /* MusicPlayeScreen.storyboard */,
				C3216A942C24632500A538F0 /* HomeStoryboard.storyboard */,
				C30853BF2C246C1D002AB3D0 /* OnboardingStoryboard.storyboard */,
			);
			path = UI;
			sourceTree = "<group>";
		};
		C3D86D1A2C23E6DE00F6D63A /* ViewModal */ = {
			isa = PBXGroup;
			children = (
			);
			path = ViewModal;
			sourceTree = "<group>";
		};
		C3D86D1B2C23E6E800F6D63A /* NetworkManager */ = {
			isa = PBXGroup;
			children = (
			);
			path = NetworkManager;
			sourceTree = "<group>";
		};
		C3D86D1D2C23F73100F6D63A /* Cell */ = {
			isa = PBXGroup;
			children = (
				C3216A8C2C24625D00A538F0 /* CollectionViewCell */,
				C3FB5A322C245CF3002F0F87 /* TableViewCell */,
			);
			path = Cell;
			sourceTree = "<group>";
		};
		C3FB5A322C245CF3002F0F87 /* TableViewCell */ = {
			isa = PBXGroup;
			children = (
				C31B2E5F2C24728A00D520AE /* UserProfilePopularSongTblCell.swift */,
				C35548C62C247CDE002AFD7F /* MusicDetailTableViewCell.swift */,
				C35548C52C247CDE002AFD7F /* SongListTableViewCell.swift */,
				C31B2E612C24729000D520AE /* UserProfileLikedSongTblCell.swift */,
				C3FB5A3E2C245E0F002F0F87 /* MusicListTableCell.swift */,
				C3216A8F2C2462FE00A538F0 /* AlbumTableViewCell.swift */,
				C3216A9A2C24633F00A538F0 /* SearchTableViewCell.swift */,
			);
			path = TableViewCell;
			sourceTree = "<group>";
		};
		E2CAB3E13711BD56E6572318 /* Frameworks */ = {
			isa = PBXGroup;
			children = (
				F4D239250B1DA2D2B22FC5AD /* Pods_IOS_Collob.framework */,
			);
			name = Frameworks;
			sourceTree = "<group>";
		};
/* End PBXGroup section */

/* Begin PBXNativeTarget section */
		C3D86CFC2C23E6B900F6D63A /* IOS_Collob */ = {
			isa = PBXNativeTarget;
			buildConfigurationList = C3D86D142C23E6BA00F6D63A /* Build configuration list for PBXNativeTarget "IOS_Collob" */;
			buildPhases = (
				398F9D18E62A6BD1F8D068E8 /* [CP] Check Pods Manifest.lock */,
				C3D86CF92C23E6B900F6D63A /* Sources */,
				C3D86CFA2C23E6B900F6D63A /* Frameworks */,
				C3D86CFB2C23E6B900F6D63A /* Resources */,
				A1AD1D3B59A0D6DD6E5BE5D7 /* [CP] Embed Pods Frameworks */,
			);
			buildRules = (
			);
			dependencies = (
			);
			name = IOS_Collob;
			productName = IOS_Collob;
			productReference = C3D86CFD2C23E6B900F6D63A /* IOS_Collob.app */;
			productType = "com.apple.product-type.application";
		};
/* End PBXNativeTarget section */

/* Begin PBXProject section */
		C3D86CF52C23E6B900F6D63A /* Project object */ = {
			isa = PBXProject;
			attributes = {
				BuildIndependentTargetsInParallel = 1;
				LastSwiftUpdateCheck = 1530;
				LastUpgradeCheck = 1530;
				TargetAttributes = {
					C3D86CFC2C23E6B900F6D63A = {
						CreatedOnToolsVersion = 15.3;
					};
				};
			};
			buildConfigurationList = C3D86CF82C23E6B900F6D63A /* Build configuration list for PBXProject "IOS_Collob" */;
			compatibilityVersion = "Xcode 14.0";
			developmentRegion = en;
			hasScannedForEncodings = 0;
			knownRegions = (
				en,
				Base,
			);
			mainGroup = C3D86CF42C23E6B900F6D63A;
			productRefGroup = C3D86CFE2C23E6B900F6D63A /* Products */;
			projectDirPath = "";
			projectRoot = "";
			targets = (
				C3D86CFC2C23E6B900F6D63A /* IOS_Collob */,
			);
		};
/* End PBXProject section */

/* Begin PBXResourcesBuildPhase section */
		C3D86CFB2C23E6B900F6D63A /* Resources */ = {
			isa = PBXResourcesBuildPhase;
			buildActionMask = 2147483647;
			files = (
				C31B2E642C2472B500D520AE /* UserProfile.storyboard in Resources */,
				C35548C02C247CBD002AFD7F /* DetailScreen.storyboard in Resources */,
				C30853C02C246C1D002AB3D0 /* OnboardingStoryboard.storyboard in Resources */,
				C35548C22C247CC7002AFD7F /* Main.storyboard in Resources */,
				C3D86D0D2C23E6BA00F6D63A /* Assets.xcassets in Resources */,
				C3D86D102C23E6BA00F6D63A /* Base in Resources */,
				C3FB5A3B2C245E03002F0F87 /* MusicPlayeScreen.storyboard in Resources */,
				C3216A952C24632500A538F0 /* HomeStoryboard.storyboard in Resources */,
			);
			runOnlyForDeploymentPostprocessing = 0;
		};
/* End PBXResourcesBuildPhase section */

/* Begin PBXShellScriptBuildPhase section */
		398F9D18E62A6BD1F8D068E8 /* [CP] Check Pods Manifest.lock */ = {
			isa = PBXShellScriptBuildPhase;
			buildActionMask = 2147483647;
			files = (
			);
			inputFileListPaths = (
			);
			inputPaths = (
				"${PODS_PODFILE_DIR_PATH}/Podfile.lock",
				"${PODS_ROOT}/Manifest.lock",
			);
			name = "[CP] Check Pods Manifest.lock";
			outputFileListPaths = (
			);
			outputPaths = (
				"$(DERIVED_FILE_DIR)/Pods-IOS_Collob-checkManifestLockResult.txt",
			);
			runOnlyForDeploymentPostprocessing = 0;
			shellPath = /bin/sh;
			shellScript = "diff \"${PODS_PODFILE_DIR_PATH}/Podfile.lock\" \"${PODS_ROOT}/Manifest.lock\" > /dev/null\nif [ $? != 0 ] ; then\n    # print error to STDERR\n    echo \"error: The sandbox is not in sync with the Podfile.lock. Run 'pod install' or update your CocoaPods installation.\" >&2\n    exit 1\nfi\n# This output is used by Xcode 'outputs' to avoid re-running this script phase.\necho \"SUCCESS\" > \"${SCRIPT_OUTPUT_FILE_0}\"\n";
			showEnvVarsInLog = 0;
		};
		A1AD1D3B59A0D6DD6E5BE5D7 /* [CP] Embed Pods Frameworks */ = {
			isa = PBXShellScriptBuildPhase;
			buildActionMask = 2147483647;
			files = (
			);
			inputFileListPaths = (
				"${PODS_ROOT}/Target Support Files/Pods-IOS_Collob/Pods-IOS_Collob-frameworks-${CONFIGURATION}-input-files.xcfilelist",
			);
			name = "[CP] Embed Pods Frameworks";
			outputFileListPaths = (
				"${PODS_ROOT}/Target Support Files/Pods-IOS_Collob/Pods-IOS_Collob-frameworks-${CONFIGURATION}-output-files.xcfilelist",
			);
			runOnlyForDeploymentPostprocessing = 0;
			shellPath = /bin/sh;
			shellScript = "\"${PODS_ROOT}/Target Support Files/Pods-IOS_Collob/Pods-IOS_Collob-frameworks.sh\"\n";
			showEnvVarsInLog = 0;
		};
/* End PBXShellScriptBuildPhase section */

/* Begin PBXSourcesBuildPhase section */
		C3D86CF92C23E6B900F6D63A /* Sources */ = {
			isa = PBXSourcesBuildPhase;
			buildActionMask = 2147483647;
			files = (
				C3D86D0B2C23E6B900F6D63A /* IOS_Collob.xcdatamodeld in Sources */,
				C3216A992C24633400A538F0 /* AlbumCollectionViewCell.swift in Sources */,
				C30853BA2C246BF7002AB3D0 /* LoginViewController.swift in Sources */,
				C3D86D052C23E6B900F6D63A /* ViewController.swift in Sources */,
				C31B2E662C2472C400D520AE /* PopularSongsCvCell.swift in Sources */,
				C35548BE2C247CAA002AFD7F /* CustomTabbar.swift in Sources */,
				C3FB5A3F2C245E0F002F0F87 /* MusicListTableCell.swift in Sources */,
				C30853B82C246BDC002AB3D0 /* OnboardingCollectionViewCell.swift in Sources */,
				C3216A9B2C24633F00A538F0 /* SearchTableViewCell.swift in Sources */,
				C3216A932C24631C00A538F0 /* Extensions.swift in Sources */,
				C35548BD2C247CAA002AFD7F /* CustomTabbarController.swift in Sources */,
				C35548C82C247CDE002AFD7F /* MusicDetailTableViewCell.swift in Sources */,
				C31B2E622C24729000D520AE /* UserProfileLikedSongTblCell.swift in Sources */,
				C31B2E602C24728A00D520AE /* UserProfilePopularSongTblCell.swift in Sources */,
				C3D86D012C23E6B900F6D63A /* AppDelegate.swift in Sources */,
				C30853BE2C246C06002AB3D0 /* SignupViewController.swift in Sources */,
				C35548C42C247CD5002AFD7F /* DetailsScreenVC.swift in Sources */,
				C33BB04F2C25A4190093593A /* MenuListVC.swift in Sources */,
				C30853BC2C246BFF002AB3D0 /* OnboardingViewController.swift in Sources */,
				C3216A972C24632A00A538F0 /* HomeViewController.swift in Sources */,
				C31B2E682C2472D100D520AE /* LikedSongCvCell.swift in Sources */,
				C35548C72C247CDE002AFD7F /* SongListTableViewCell.swift in Sources */,
				C3216A902C2462FE00A538F0 /* AlbumTableViewCell.swift in Sources */,
				C31B2E5E2C24728100D520AE /* UserProfileVC.swift in Sources */,
				C3FB5A3D2C245E0B002F0F87 /* MusicPlayerScreenVC.swift in Sources */,
				C30853C32C246C3C002AB3D0 /* OnboardingSlide.swift in Sources */,
				C3D86D032C23E6B900F6D63A /* SceneDelegate.swift in Sources */,
			);
			runOnlyForDeploymentPostprocessing = 0;
		};
/* End PBXSourcesBuildPhase section */

/* Begin PBXVariantGroup section */
		C3D86D0E2C23E6BA00F6D63A /* LaunchScreen.storyboard */ = {
			isa = PBXVariantGroup;
			children = (
				C3D86D0F2C23E6BA00F6D63A /* Base */,
			);
			name = LaunchScreen.storyboard;
			sourceTree = "<group>";
		};
/* End PBXVariantGroup section */

/* Begin XCBuildConfiguration section */
		C3D86D122C23E6BA00F6D63A /* Debug */ = {
			isa = XCBuildConfiguration;
			buildSettings = {
				ALWAYS_SEARCH_USER_PATHS = NO;
				ASSETCATALOG_COMPILER_GENERATE_SWIFT_ASSET_SYMBOL_EXTENSIONS = YES;
				CLANG_ANALYZER_NONNULL = YES;
				CLANG_ANALYZER_NUMBER_OBJECT_CONVERSION = YES_AGGRESSIVE;
				CLANG_CXX_LANGUAGE_STANDARD = "gnu++20";
				CLANG_ENABLE_MODULES = YES;
				CLANG_ENABLE_OBJC_ARC = YES;
				CLANG_ENABLE_OBJC_WEAK = YES;
				CLANG_WARN_BLOCK_CAPTURE_AUTORELEASING = YES;
				CLANG_WARN_BOOL_CONVERSION = YES;
				CLANG_WARN_COMMA = YES;
				CLANG_WARN_CONSTANT_CONVERSION = YES;
				CLANG_WARN_DEPRECATED_OBJC_IMPLEMENTATIONS = YES;
				CLANG_WARN_DIRECT_OBJC_ISA_USAGE = YES_ERROR;
				CLANG_WARN_DOCUMENTATION_COMMENTS = YES;
				CLANG_WARN_EMPTY_BODY = YES;
				CLANG_WARN_ENUM_CONVERSION = YES;
				CLANG_WARN_INFINITE_RECURSION = YES;
				CLANG_WARN_INT_CONVERSION = YES;
				CLANG_WARN_NON_LITERAL_NULL_CONVERSION = YES;
				CLANG_WARN_OBJC_IMPLICIT_RETAIN_SELF = YES;
				CLANG_WARN_OBJC_LITERAL_CONVERSION = YES;
				CLANG_WARN_OBJC_ROOT_CLASS = YES_ERROR;
				CLANG_WARN_QUOTED_INCLUDE_IN_FRAMEWORK_HEADER = YES;
				CLANG_WARN_RANGE_LOOP_ANALYSIS = YES;
				CLANG_WARN_STRICT_PROTOTYPES = YES;
				CLANG_WARN_SUSPICIOUS_MOVE = YES;
				CLANG_WARN_UNGUARDED_AVAILABILITY = YES_AGGRESSIVE;
				CLANG_WARN_UNREACHABLE_CODE = YES;
				CLANG_WARN__DUPLICATE_METHOD_MATCH = YES;
				COPY_PHASE_STRIP = NO;
				DEBUG_INFORMATION_FORMAT = dwarf;
				ENABLE_STRICT_OBJC_MSGSEND = YES;
				ENABLE_TESTABILITY = YES;
				ENABLE_USER_SCRIPT_SANDBOXING = NO;
				GCC_C_LANGUAGE_STANDARD = gnu17;
				GCC_DYNAMIC_NO_PIC = NO;
				GCC_NO_COMMON_BLOCKS = YES;
				GCC_OPTIMIZATION_LEVEL = 0;
				GCC_PREPROCESSOR_DEFINITIONS = (
					"DEBUG=1",
					"$(inherited)",
				);
				GCC_WARN_64_TO_32_BIT_CONVERSION = YES;
				GCC_WARN_ABOUT_RETURN_TYPE = YES_ERROR;
				GCC_WARN_UNDECLARED_SELECTOR = YES;
				GCC_WARN_UNINITIALIZED_AUTOS = YES_AGGRESSIVE;
				GCC_WARN_UNUSED_FUNCTION = YES;
				GCC_WARN_UNUSED_VARIABLE = YES;
				IPHONEOS_DEPLOYMENT_TARGET = 17.4;
				LOCALIZATION_PREFERS_STRING_CATALOGS = YES;
				MTL_ENABLE_DEBUG_INFO = INCLUDE_SOURCE;
				MTL_FAST_MATH = YES;
				ONLY_ACTIVE_ARCH = YES;
				SDKROOT = iphoneos;
				SWIFT_ACTIVE_COMPILATION_CONDITIONS = "DEBUG $(inherited)";
				SWIFT_OPTIMIZATION_LEVEL = "-Onone";
			};
			name = Debug;
		};
		C3D86D132C23E6BA00F6D63A /* Release */ = {
			isa = XCBuildConfiguration;
			buildSettings = {
				ALWAYS_SEARCH_USER_PATHS = NO;
				ASSETCATALOG_COMPILER_GENERATE_SWIFT_ASSET_SYMBOL_EXTENSIONS = YES;
				CLANG_ANALYZER_NONNULL = YES;
				CLANG_ANALYZER_NUMBER_OBJECT_CONVERSION = YES_AGGRESSIVE;
				CLANG_CXX_LANGUAGE_STANDARD = "gnu++20";
				CLANG_ENABLE_MODULES = YES;
				CLANG_ENABLE_OBJC_ARC = YES;
				CLANG_ENABLE_OBJC_WEAK = YES;
				CLANG_WARN_BLOCK_CAPTURE_AUTORELEASING = YES;
				CLANG_WARN_BOOL_CONVERSION = YES;
				CLANG_WARN_COMMA = YES;
				CLANG_WARN_CONSTANT_CONVERSION = YES;
				CLANG_WARN_DEPRECATED_OBJC_IMPLEMENTATIONS = YES;
				CLANG_WARN_DIRECT_OBJC_ISA_USAGE = YES_ERROR;
				CLANG_WARN_DOCUMENTATION_COMMENTS = YES;
				CLANG_WARN_EMPTY_BODY = YES;
				CLANG_WARN_ENUM_CONVERSION = YES;
				CLANG_WARN_INFINITE_RECURSION = YES;
				CLANG_WARN_INT_CONVERSION = YES;
				CLANG_WARN_NON_LITERAL_NULL_CONVERSION = YES;
				CLANG_WARN_OBJC_IMPLICIT_RETAIN_SELF = YES;
				CLANG_WARN_OBJC_LITERAL_CONVERSION = YES;
				CLANG_WARN_OBJC_ROOT_CLASS = YES_ERROR;
				CLANG_WARN_QUOTED_INCLUDE_IN_FRAMEWORK_HEADER = YES;
				CLANG_WARN_RANGE_LOOP_ANALYSIS = YES;
				CLANG_WARN_STRICT_PROTOTYPES = YES;
				CLANG_WARN_SUSPICIOUS_MOVE = YES;
				CLANG_WARN_UNGUARDED_AVAILABILITY = YES_AGGRESSIVE;
				CLANG_WARN_UNREACHABLE_CODE = YES;
				CLANG_WARN__DUPLICATE_METHOD_MATCH = YES;
				COPY_PHASE_STRIP = NO;
				DEBUG_INFORMATION_FORMAT = "dwarf-with-dsym";
				ENABLE_NS_ASSERTIONS = NO;
				ENABLE_STRICT_OBJC_MSGSEND = YES;
				ENABLE_USER_SCRIPT_SANDBOXING = NO;
				GCC_C_LANGUAGE_STANDARD = gnu17;
				GCC_NO_COMMON_BLOCKS = YES;
				GCC_WARN_64_TO_32_BIT_CONVERSION = YES;
				GCC_WARN_ABOUT_RETURN_TYPE = YES_ERROR;
				GCC_WARN_UNDECLARED_SELECTOR = YES;
				GCC_WARN_UNINITIALIZED_AUTOS = YES_AGGRESSIVE;
				GCC_WARN_UNUSED_FUNCTION = YES;
				GCC_WARN_UNUSED_VARIABLE = YES;
				IPHONEOS_DEPLOYMENT_TARGET = 17.4;
				LOCALIZATION_PREFERS_STRING_CATALOGS = YES;
				MTL_ENABLE_DEBUG_INFO = NO;
				MTL_FAST_MATH = YES;
				SDKROOT = iphoneos;
				SWIFT_COMPILATION_MODE = wholemodule;
				VALIDATE_PRODUCT = YES;
			};
			name = Release;
		};
		C3D86D152C23E6BA00F6D63A /* Debug */ = {
			isa = XCBuildConfiguration;
			baseConfigurationReference = C7191D6673492B7D61819CE5 /* Pods-IOS_Collob.debug.xcconfig */;
			buildSettings = {
				ASSETCATALOG_COMPILER_APPICON_NAME = AppIcon;
				ASSETCATALOG_COMPILER_GLOBAL_ACCENT_COLOR_NAME = AccentColor;
				CODE_SIGN_STYLE = Automatic;
				CURRENT_PROJECT_VERSION = 1;
				GENERATE_INFOPLIST_FILE = YES;
				INFOPLIST_FILE = IOS_Collob/Info.plist;
				INFOPLIST_KEY_UIApplicationSupportsIndirectInputEvents = YES;
				INFOPLIST_KEY_UILaunchStoryboardName = LaunchScreen;
				INFOPLIST_KEY_UIMainStoryboardFile = Main;
				INFOPLIST_KEY_UISupportedInterfaceOrientations_iPad = "UIInterfaceOrientationPortrait UIInterfaceOrientationPortraitUpsideDown UIInterfaceOrientationLandscapeLeft UIInterfaceOrientationLandscapeRight";
				INFOPLIST_KEY_UISupportedInterfaceOrientations_iPhone = "UIInterfaceOrientationPortrait UIInterfaceOrientationLandscapeLeft UIInterfaceOrientationLandscapeRight";
				IPHONEOS_DEPLOYMENT_TARGET = 16.0;
				LD_RUNPATH_SEARCH_PATHS = (
					"$(inherited)",
					"@executable_path/Frameworks",
				);
				MARKETING_VERSION = 1.0;
				PRODUCT_BUNDLE_IDENTIFIER = "com.wcg.HF18.IOS-Collob";
				PRODUCT_NAME = "$(TARGET_NAME)";
				SWIFT_EMIT_LOC_STRINGS = YES;
				SWIFT_VERSION = 5.0;
				TARGETED_DEVICE_FAMILY = "1,2";
			};
			name = Debug;
		};
		C3D86D162C23E6BA00F6D63A /* Release */ = {
			isa = XCBuildConfiguration;
			baseConfigurationReference = DEF0200C6298CEC83613953E /* Pods-IOS_Collob.release.xcconfig */;
			buildSettings = {
				ASSETCATALOG_COMPILER_APPICON_NAME = AppIcon;
				ASSETCATALOG_COMPILER_GLOBAL_ACCENT_COLOR_NAME = AccentColor;
				CODE_SIGN_STYLE = Automatic;
				CURRENT_PROJECT_VERSION = 1;
				GENERATE_INFOPLIST_FILE = YES;
				INFOPLIST_FILE = IOS_Collob/Info.plist;
				INFOPLIST_KEY_UIApplicationSupportsIndirectInputEvents = YES;
				INFOPLIST_KEY_UILaunchStoryboardName = LaunchScreen;
				INFOPLIST_KEY_UIMainStoryboardFile = Main;
				INFOPLIST_KEY_UISupportedInterfaceOrientations_iPad = "UIInterfaceOrientationPortrait UIInterfaceOrientationPortraitUpsideDown UIInterfaceOrientationLandscapeLeft UIInterfaceOrientationLandscapeRight";
				INFOPLIST_KEY_UISupportedInterfaceOrientations_iPhone = "UIInterfaceOrientationPortrait UIInterfaceOrientationLandscapeLeft UIInterfaceOrientationLandscapeRight";
				IPHONEOS_DEPLOYMENT_TARGET = 16.0;
				LD_RUNPATH_SEARCH_PATHS = (
					"$(inherited)",
					"@executable_path/Frameworks",
				);
				MARKETING_VERSION = 1.0;
				PRODUCT_BUNDLE_IDENTIFIER = "com.wcg.HF18.IOS-Collob";
				PRODUCT_NAME = "$(TARGET_NAME)";
				SWIFT_EMIT_LOC_STRINGS = YES;
				SWIFT_VERSION = 5.0;
				TARGETED_DEVICE_FAMILY = "1,2";
			};
			name = Release;
		};
/* End XCBuildConfiguration section */

/* Begin XCConfigurationList section */
		C3D86CF82C23E6B900F6D63A /* Build configuration list for PBXProject "IOS_Collob" */ = {
			isa = XCConfigurationList;
			buildConfigurations = (
				C3D86D122C23E6BA00F6D63A /* Debug */,
				C3D86D132C23E6BA00F6D63A /* Release */,
			);
			defaultConfigurationIsVisible = 0;
			defaultConfigurationName = Release;
		};
		C3D86D142C23E6BA00F6D63A /* Build configuration list for PBXNativeTarget "IOS_Collob" */ = {
			isa = XCConfigurationList;
			buildConfigurations = (
				C3D86D152C23E6BA00F6D63A /* Debug */,
				C3D86D162C23E6BA00F6D63A /* Release */,
			);
			defaultConfigurationIsVisible = 0;
			defaultConfigurationName = Release;
		};
/* End XCConfigurationList section */

/* Begin XCVersionGroup section */
		C3D86D092C23E6B900F6D63A /* IOS_Collob.xcdatamodeld */ = {
			isa = XCVersionGroup;
			children = (
				C3D86D0A2C23E6B900F6D63A /* IOS_Collob.xcdatamodel */,
			);
			currentVersion = C3D86D0A2C23E6B900F6D63A /* IOS_Collob.xcdatamodel */;
			path = IOS_Collob.xcdatamodeld;
			sourceTree = "<group>";
			versionGroupType = wrapper.xcdatamodel;
		};
/* End XCVersionGroup section */
	};
	rootObject = C3D86CF52C23E6B900F6D63A /* Project object */;
}
