// !$*UTF8*$!
{
	archiveVersion = 1;
	classes = {
	};
	objectVersion = 56;
	objects = {

/* Begin PBXBuildFile section */
		C3C9B9EE2C23F9CC00C09A50 /* MusicPlayeScreen.storyboard in Resources */ = {isa = PBXBuildFile; fileRef = C3C9B9ED2C23F9CC00C09A50 /* MusicPlayeScreen.storyboard */; };
		C3C9B9F02C23F9EC00C09A50 /* MusicPlayerScreenVC.swift in Sources */ = {isa = PBXBuildFile; fileRef = C3C9B9EF2C23F9EC00C09A50 /* MusicPlayerScreenVC.swift */; };
		C3C9B9F22C23FB3300C09A50 /* LaunchScreen.storyboard in Resources */ = {isa = PBXBuildFile; fileRef = C3C9B9F12C23FB3300C09A50 /* LaunchScreen.storyboard */; };
		C3C9B9F42C23FB8600C09A50 /* MusicListTableCell.swift in Sources */ = {isa = PBXBuildFile; fileRef = C3C9B9F32C23FB8600C09A50 /* MusicListTableCell.swift */; };
		C3D86D012C23E6B900F6D63A /* AppDelegate.swift in Sources */ = {isa = PBXBuildFile; fileRef = C3D86D002C23E6B900F6D63A /* AppDelegate.swift */; };
		C3D86D032C23E6B900F6D63A /* SceneDelegate.swift in Sources */ = {isa = PBXBuildFile; fileRef = C3D86D022C23E6B900F6D63A /* SceneDelegate.swift */; };
		C3D86D052C23E6B900F6D63A /* ViewController.swift in Sources */ = {isa = PBXBuildFile; fileRef = C3D86D042C23E6B900F6D63A /* ViewController.swift */; };
		C3D86D082C23E6B900F6D63A /* Base in Resources */ = {isa = PBXBuildFile; fileRef = C3D86D072C23E6B900F6D63A /* Base */; };
		C3D86D0B2C23E6B900F6D63A /* IOS_Collob.xcdatamodeld in Sources */ = {isa = PBXBuildFile; fileRef = C3D86D092C23E6B900F6D63A /* IOS_Collob.xcdatamodeld */; };
		C3D86D0D2C23E6BA00F6D63A /* Assets.xcassets in Resources */ = {isa = PBXBuildFile; fileRef = C3D86D0C2C23E6BA00F6D63A /* Assets.xcassets */; };
/* End PBXBuildFile section */

/* Begin PBXFileReference section */
		C3C9B9ED2C23F9CC00C09A50 /* MusicPlayeScreen.storyboard */ = {isa = PBXFileReference; fileEncoding = 4; lastKnownFileType = file.storyboard; path = MusicPlayeScreen.storyboard; sourceTree = "<group>"; };
		C3C9B9EF2C23F9EC00C09A50 /* MusicPlayerScreenVC.swift */ = {isa = PBXFileReference; fileEncoding = 4; lastKnownFileType = sourcecode.swift; path = MusicPlayerScreenVC.swift; sourceTree = "<group>"; };
		C3C9B9F12C23FB3300C09A50 /* LaunchScreen.storyboard */ = {isa = PBXFileReference; fileEncoding = 4; lastKnownFileType = file.storyboard; path = LaunchScreen.storyboard; sourceTree = "<group>"; };
		C3C9B9F32C23FB8600C09A50 /* MusicListTableCell.swift */ = {isa = PBXFileReference; fileEncoding = 4; lastKnownFileType = sourcecode.swift; name = MusicListTableCell.swift; path = TableViewCell/MusicListTableCell.swift; sourceTree = SOURCE_ROOT; };
		C3D86CFD2C23E6B900F6D63A /* IOS_Collob.app */ = {isa = PBXFileReference; explicitFileType = wrapper.application; includeInIndex = 0; path = IOS_Collob.app; sourceTree = BUILT_PRODUCTS_DIR; };
		C3D86D002C23E6B900F6D63A /* AppDelegate.swift */ = {isa = PBXFileReference; lastKnownFileType = sourcecode.swift; path = AppDelegate.swift; sourceTree = "<group>"; };
		C3D86D022C23E6B900F6D63A /* SceneDelegate.swift */ = {isa = PBXFileReference; lastKnownFileType = sourcecode.swift; path = SceneDelegate.swift; sourceTree = "<group>"; };
		C3D86D042C23E6B900F6D63A /* ViewController.swift */ = {isa = PBXFileReference; lastKnownFileType = sourcecode.swift; path = ViewController.swift; sourceTree = "<group>"; };
		C3D86D072C23E6B900F6D63A /* Base */ = {isa = PBXFileReference; lastKnownFileType = file.storyboard; name = Base; path = Base.lproj/Main.storyboard; sourceTree = "<group>"; };
		C3D86D0A2C23E6B900F6D63A /* IOS_Collob.xcdatamodel */ = {isa = PBXFileReference; lastKnownFileType = wrapper.xcdatamodel; path = IOS_Collob.xcdatamodel; sourceTree = "<group>"; };
		C3D86D0C2C23E6BA00F6D63A /* Assets.xcassets */ = {isa = PBXFileReference; lastKnownFileType = folder.assetcatalog; path = Assets.xcassets; sourceTree = "<group>"; };
		C3D86D112C23E6BA00F6D63A /* Info.plist */ = {isa = PBXFileReference; lastKnownFileType = text.plist.xml; path = Info.plist; sourceTree = "<group>"; };
/* End PBXFileReference section */

/* Begin PBXFrameworksBuildPhase section */
		C3D86CFA2C23E6B900F6D63A /* Frameworks */ = {
			isa = PBXFrameworksBuildPhase;
			buildActionMask = 2147483647;
			files = (
			);
			runOnlyForDeploymentPostprocessing = 0;
		};
/* End PBXFrameworksBuildPhase section */

/* Begin PBXGroup section */
		C3D86CF42C23E6B900F6D63A = {
			isa = PBXGroup;
			children = (
				C3D86CFF2C23E6B900F6D63A /* IOS_Collob */,
				C3D86CFE2C23E6B900F6D63A /* Products */,
			);
			sourceTree = "<group>";
		};
		C3D86CFE2C23E6B900F6D63A /* Products */ = {
			isa = PBXGroup;
			children = (
				C3D86CFD2C23E6B900F6D63A /* IOS_Collob.app */,
			);
			name = Products;
			sourceTree = "<group>";
		};
		C3D86CFF2C23E6B900F6D63A /* IOS_Collob */ = {
			isa = PBXGroup;
			children = (
				C3D86D1D2C23F73100F6D63A /* Cell */,
				C3D86D1B2C23E6E800F6D63A /* NetworkManager */,
				C3D86D1A2C23E6DE00F6D63A /* ViewModal */,
				C3D86D192C23E6D400F6D63A /* Model */,
				C3D86D182C23E6CF00F6D63A /* UI */,
				C3D86D172C23E6C600F6D63A /* ViewController */,
				C3D86D002C23E6B900F6D63A /* AppDelegate.swift */,
				C3D86D022C23E6B900F6D63A /* SceneDelegate.swift */,
				C3D86D0C2C23E6BA00F6D63A /* Assets.xcassets */,
				C3C9B9F12C23FB3300C09A50 /* LaunchScreen.storyboard */,
				C3D86D112C23E6BA00F6D63A /* Info.plist */,
				C3D86D092C23E6B900F6D63A /* IOS_Collob.xcdatamodeld */,
			);
			path = IOS_Collob;
			sourceTree = "<group>";
		};
		C3D86D172C23E6C600F6D63A /* ViewController */ = {
			isa = PBXGroup;
			children = (
				C3D86D042C23E6B900F6D63A /* ViewController.swift */,
				C3C9B9EF2C23F9EC00C09A50 /* MusicPlayerScreenVC.swift */,
			);
			path = ViewController;
			sourceTree = "<group>";
		};
		C3D86D182C23E6CF00F6D63A /* UI */ = {
			isa = PBXGroup;
			children = (
				C3D86D062C23E6B900F6D63A /* Main.storyboard */,
				C3C9B9ED2C23F9CC00C09A50 /* MusicPlayeScreen.storyboard */,
			);
			path = UI;
			sourceTree = "<group>";
		};
		C3D86D192C23E6D400F6D63A /* Model */ = {
			isa = PBXGroup;
			children = (
			);
			path = Model;
			sourceTree = "<group>";
		};
		C3D86D1A2C23E6DE00F6D63A /* ViewModal */ = {
			isa = PBXGroup;
			children = (
			);
			path = ViewModal;
			sourceTree = "<group>";
		};
		C3D86D1B2C23E6E800F6D63A /* NetworkManager */ = {
			isa = PBXGroup;
			children = (
			);
			path = NetworkManager;
			sourceTree = "<group>";
		};
		C3D86D1D2C23F73100F6D63A /* Cell */ = {
			isa = PBXGroup;
			children = (
				C3D86D1F2C23F74000F6D63A /* CollectionViewCell */,
				C3D86D1E2C23F73700F6D63A /* TableViewCell */,
			);
			path = Cell;
			sourceTree = "<group>";
		};
		C3D86D1E2C23F73700F6D63A /* TableViewCell */ = {
			isa = PBXGroup;
			children = (
				C3C9B9F32C23FB8600C09A50 /* MusicListTableCell.swift */,
			);
			path = TableViewCell;
			sourceTree = "<group>";
		};
		C3D86D1F2C23F74000F6D63A /* CollectionViewCell */ = {
			isa = PBXGroup;
			children = (
			);
			path = CollectionViewCell;
			sourceTree = "<group>";
		};
/* End PBXGroup section */

/* Begin PBXNativeTarget section */
		C3D86CFC2C23E6B900F6D63A /* IOS_Collob */ = {
			isa = PBXNativeTarget;
			buildConfigurationList = C3D86D142C23E6BA00F6D63A /* Build configuration list for PBXNativeTarget "IOS_Collob" */;
			buildPhases = (
				C3D86CF92C23E6B900F6D63A /* Sources */,
				C3D86CFA2C23E6B900F6D63A /* Frameworks */,
				C3D86CFB2C23E6B900F6D63A /* Resources */,
			);
			buildRules = (
			);
			dependencies = (
			);
			name = IOS_Collob;
			productName = IOS_Collob;
			productReference = C3D86CFD2C23E6B900F6D63A /* IOS_Collob.app */;
			productType = "com.apple.product-type.application";
		};
/* End PBXNativeTarget section */

/* Begin PBXProject section */
		C3D86CF52C23E6B900F6D63A /* Project object */ = {
			isa = PBXProject;
			attributes = {
				BuildIndependentTargetsInParallel = 1;
				LastSwiftUpdateCheck = 1530;
				LastUpgradeCheck = 1530;
				TargetAttributes = {
					C3D86CFC2C23E6B900F6D63A = {
						CreatedOnToolsVersion = 15.3;
					};
				};
			};
			buildConfigurationList = C3D86CF82C23E6B900F6D63A /* Build configuration list for PBXProject "IOS_Collob" */;
			compatibilityVersion = "Xcode 14.0";
			developmentRegion = en;
			hasScannedForEncodings = 0;
			knownRegions = (
				en,
				Base,
			);
			mainGroup = C3D86CF42C23E6B900F6D63A;
			productRefGroup = C3D86CFE2C23E6B900F6D63A /* Products */;
			projectDirPath = "";
			projectRoot = "";
			targets = (
				C3D86CFC2C23E6B900F6D63A /* IOS_Collob */,
			);
		};
/* End PBXProject section */

/* Begin PBXResourcesBuildPhase section */
		C3D86CFB2C23E6B900F6D63A /* Resources */ = {
			isa = PBXResourcesBuildPhase;
			buildActionMask = 2147483647;
			files = (
				C3D86D0D2C23E6BA00F6D63A /* Assets.xcassets in Resources */,
				C3D86D082C23E6B900F6D63A /* Base in Resources */,
				C3C9B9F22C23FB3300C09A50 /* LaunchScreen.storyboard in Resources */,
				C3C9B9EE2C23F9CC00C09A50 /* MusicPlayeScreen.storyboard in Resources */,
			);
			runOnlyForDeploymentPostprocessing = 0;
		};
/* End PBXResourcesBuildPhase section */

/* Begin PBXSourcesBuildPhase section */
		C3D86CF92C23E6B900F6D63A /* Sources */ = {
			isa = PBXSourcesBuildPhase;
			buildActionMask = 2147483647;
			files = (
				C3D86D0B2C23E6B900F6D63A /* IOS_Collob.xcdatamodeld in Sources */,
				C3D86D052C23E6B900F6D63A /* ViewController.swift in Sources */,
				C3C9B9F42C23FB8600C09A50 /* MusicListTableCell.swift in Sources */,
				C3D86D012C23E6B900F6D63A /* AppDelegate.swift in Sources */,
				C3C9B9F02C23F9EC00C09A50 /* MusicPlayerScreenVC.swift in Sources */,
				C3D86D032C23E6B900F6D63A /* SceneDelegate.swift in Sources */,
			);
			runOnlyForDeploymentPostprocessing = 0;
		};
/* End PBXSourcesBuildPhase section */

/* Begin PBXVariantGroup section */
		C3D86D062C23E6B900F6D63A /* Main.storyboard */ = {
			isa = PBXVariantGroup;
			children = (
				C3D86D072C23E6B900F6D63A /* Base */,
			);
			name = Main.storyboard;
			sourceTree = "<group>";
		};
/* End PBXVariantGroup section */

/* Begin XCBuildConfiguration section */
		C3D86D122C23E6BA00F6D63A /* Debug */ = {
			isa = XCBuildConfiguration;
			buildSettings = {
				ALWAYS_SEARCH_USER_PATHS = NO;
				ASSETCATALOG_COMPILER_GENERATE_SWIFT_ASSET_SYMBOL_EXTENSIONS = YES;
				CLANG_ANALYZER_NONNULL = YES;
				CLANG_ANALYZER_NUMBER_OBJECT_CONVERSION = YES_AGGRESSIVE;
				CLANG_CXX_LANGUAGE_STANDARD = "gnu++20";
				CLANG_ENABLE_MODULES = YES;
				CLANG_ENABLE_OBJC_ARC = YES;
				CLANG_ENABLE_OBJC_WEAK = YES;
				CLANG_WARN_BLOCK_CAPTURE_AUTORELEASING = YES;
				CLANG_WARN_BOOL_CONVERSION = YES;
				CLANG_WARN_COMMA = YES;
				CLANG_WARN_CONSTANT_CONVERSION = YES;
				CLANG_WARN_DEPRECATED_OBJC_IMPLEMENTATIONS = YES;
				CLANG_WARN_DIRECT_OBJC_ISA_USAGE = YES_ERROR;
				CLANG_WARN_DOCUMENTATION_COMMENTS = YES;
				CLANG_WARN_EMPTY_BODY = YES;
				CLANG_WARN_ENUM_CONVERSION = YES;
				CLANG_WARN_INFINITE_RECURSION = YES;
				CLANG_WARN_INT_CONVERSION = YES;
				CLANG_WARN_NON_LITERAL_NULL_CONVERSION = YES;
				CLANG_WARN_OBJC_IMPLICIT_RETAIN_SELF = YES;
				CLANG_WARN_OBJC_LITERAL_CONVERSION = YES;
				CLANG_WARN_OBJC_ROOT_CLASS = YES_ERROR;
				CLANG_WARN_QUOTED_INCLUDE_IN_FRAMEWORK_HEADER = YES;
				CLANG_WARN_RANGE_LOOP_ANALYSIS = YES;
				CLANG_WARN_STRICT_PROTOTYPES = YES;
				CLANG_WARN_SUSPICIOUS_MOVE = YES;
				CLANG_WARN_UNGUARDED_AVAILABILITY = YES_AGGRESSIVE;
				CLANG_WARN_UNREACHABLE_CODE = YES;
				CLANG_WARN__DUPLICATE_METHOD_MATCH = YES;
				COPY_PHASE_STRIP = NO;
				DEBUG_INFORMATION_FORMAT = dwarf;
				ENABLE_STRICT_OBJC_MSGSEND = YES;
				ENABLE_TESTABILITY = YES;
				ENABLE_USER_SCRIPT_SANDBOXING = YES;
				GCC_C_LANGUAGE_STANDARD = gnu17;
				GCC_DYNAMIC_NO_PIC = NO;
				GCC_NO_COMMON_BLOCKS = YES;
				GCC_OPTIMIZATION_LEVEL = 0;
				GCC_PREPROCESSOR_DEFINITIONS = (
					"DEBUG=1",
					"$(inherited)",
				);
				GCC_WARN_64_TO_32_BIT_CONVERSION = YES;
				GCC_WARN_ABOUT_RETURN_TYPE = YES_ERROR;
				GCC_WARN_UNDECLARED_SELECTOR = YES;
				GCC_WARN_UNINITIALIZED_AUTOS = YES_AGGRESSIVE;
				GCC_WARN_UNUSED_FUNCTION = YES;
				GCC_WARN_UNUSED_VARIABLE = YES;
				IPHONEOS_DEPLOYMENT_TARGET = 17.4;
				LOCALIZATION_PREFERS_STRING_CATALOGS = YES;
				MTL_ENABLE_DEBUG_INFO = INCLUDE_SOURCE;
				MTL_FAST_MATH = YES;
				ONLY_ACTIVE_ARCH = YES;
				SDKROOT = iphoneos;
				SWIFT_ACTIVE_COMPILATION_CONDITIONS = "DEBUG $(inherited)";
				SWIFT_OPTIMIZATION_LEVEL = "-Onone";
			};
			name = Debug;
		};
		C3D86D132C23E6BA00F6D63A /* Release */ = {
			isa = XCBuildConfiguration;
			buildSettings = {
				ALWAYS_SEARCH_USER_PATHS = NO;
				ASSETCATALOG_COMPILER_GENERATE_SWIFT_ASSET_SYMBOL_EXTENSIONS = YES;
				CLANG_ANALYZER_NONNULL = YES;
				CLANG_ANALYZER_NUMBER_OBJECT_CONVERSION = YES_AGGRESSIVE;
				CLANG_CXX_LANGUAGE_STANDARD = "gnu++20";
				CLANG_ENABLE_MODULES = YES;
				CLANG_ENABLE_OBJC_ARC = YES;
				CLANG_ENABLE_OBJC_WEAK = YES;
				CLANG_WARN_BLOCK_CAPTURE_AUTORELEASING = YES;
				CLANG_WARN_BOOL_CONVERSION = YES;
				CLANG_WARN_COMMA = YES;
				CLANG_WARN_CONSTANT_CONVERSION = YES;
				CLANG_WARN_DEPRECATED_OBJC_IMPLEMENTATIONS = YES;
				CLANG_WARN_DIRECT_OBJC_ISA_USAGE = YES_ERROR;
				CLANG_WARN_DOCUMENTATION_COMMENTS = YES;
				CLANG_WARN_EMPTY_BODY = YES;
				CLANG_WARN_ENUM_CONVERSION = YES;
				CLANG_WARN_INFINITE_RECURSION = YES;
				CLANG_WARN_INT_CONVERSION = YES;
				CLANG_WARN_NON_LITERAL_NULL_CONVERSION = YES;
				CLANG_WARN_OBJC_IMPLICIT_RETAIN_SELF = YES;
				CLANG_WARN_OBJC_LITERAL_CONVERSION = YES;
				CLANG_WARN_OBJC_ROOT_CLASS = YES_ERROR;
				CLANG_WARN_QUOTED_INCLUDE_IN_FRAMEWORK_HEADER = YES;
				CLANG_WARN_RANGE_LOOP_ANALYSIS = YES;
				CLANG_WARN_STRICT_PROTOTYPES = YES;
				CLANG_WARN_SUSPICIOUS_MOVE = YES;
				CLANG_WARN_UNGUARDED_AVAILABILITY = YES_AGGRESSIVE;
				CLANG_WARN_UNREACHABLE_CODE = YES;
				CLANG_WARN__DUPLICATE_METHOD_MATCH = YES;
				COPY_PHASE_STRIP = NO;
				DEBUG_INFORMATION_FORMAT = "dwarf-with-dsym";
				ENABLE_NS_ASSERTIONS = NO;
				ENABLE_STRICT_OBJC_MSGSEND = YES;
				ENABLE_USER_SCRIPT_SANDBOXING = YES;
				GCC_C_LANGUAGE_STANDARD = gnu17;
				GCC_NO_COMMON_BLOCKS = YES;
				GCC_WARN_64_TO_32_BIT_CONVERSION = YES;
				GCC_WARN_ABOUT_RETURN_TYPE = YES_ERROR;
				GCC_WARN_UNDECLARED_SELECTOR = YES;
				GCC_WARN_UNINITIALIZED_AUTOS = YES_AGGRESSIVE;
				GCC_WARN_UNUSED_FUNCTION = YES;
				GCC_WARN_UNUSED_VARIABLE = YES;
				IPHONEOS_DEPLOYMENT_TARGET = 17.4;
				LOCALIZATION_PREFERS_STRING_CATALOGS = YES;
				MTL_ENABLE_DEBUG_INFO = NO;
				MTL_FAST_MATH = YES;
				SDKROOT = iphoneos;
				SWIFT_COMPILATION_MODE = wholemodule;
				VALIDATE_PRODUCT = YES;
			};
			name = Release;
		};
		C3D86D152C23E6BA00F6D63A /* Debug */ = {
			isa = XCBuildConfiguration;
			buildSettings = {
				ASSETCATALOG_COMPILER_APPICON_NAME = AppIcon;
				ASSETCATALOG_COMPILER_GLOBAL_ACCENT_COLOR_NAME = AccentColor;
				CODE_SIGN_STYLE = Automatic;
				CURRENT_PROJECT_VERSION = 1;
				GENERATE_INFOPLIST_FILE = YES;
				INFOPLIST_FILE = IOS_Collob/Info.plist;
				INFOPLIST_KEY_UIApplicationSupportsIndirectInputEvents = YES;
				INFOPLIST_KEY_UILaunchStoryboardName = LaunchScreen;
				INFOPLIST_KEY_UIMainStoryboardFile = Main;
				INFOPLIST_KEY_UISupportedInterfaceOrientations_iPad = "UIInterfaceOrientationPortrait UIInterfaceOrientationPortraitUpsideDown UIInterfaceOrientationLandscapeLeft UIInterfaceOrientationLandscapeRight";
				INFOPLIST_KEY_UISupportedInterfaceOrientations_iPhone = "UIInterfaceOrientationPortrait UIInterfaceOrientationLandscapeLeft UIInterfaceOrientationLandscapeRight";
				IPHONEOS_DEPLOYMENT_TARGET = 16.0;
				LD_RUNPATH_SEARCH_PATHS = (
					"$(inherited)",
					"@executable_path/Frameworks",
				);
				MARKETING_VERSION = 1.0;
				PRODUCT_BUNDLE_IDENTIFIER = "com.wcg.HF18.IOS-Collob";
				PRODUCT_NAME = "$(TARGET_NAME)";
				SWIFT_EMIT_LOC_STRINGS = YES;
				SWIFT_VERSION = 5.0;
				TARGETED_DEVICE_FAMILY = "1,2";
			};
			name = Debug;
		};
		C3D86D162C23E6BA00F6D63A /* Release */ = {
			isa = XCBuildConfiguration;
			buildSettings = {
				ASSETCATALOG_COMPILER_APPICON_NAME = AppIcon;
				ASSETCATALOG_COMPILER_GLOBAL_ACCENT_COLOR_NAME = AccentColor;
				CODE_SIGN_STYLE = Automatic;
				CURRENT_PROJECT_VERSION = 1;
				GENERATE_INFOPLIST_FILE = YES;
				INFOPLIST_FILE = IOS_Collob/Info.plist;
				INFOPLIST_KEY_UIApplicationSupportsIndirectInputEvents = YES;
				INFOPLIST_KEY_UILaunchStoryboardName = LaunchScreen;
				INFOPLIST_KEY_UIMainStoryboardFile = Main;
				INFOPLIST_KEY_UISupportedInterfaceOrientations_iPad = "UIInterfaceOrientationPortrait UIInterfaceOrientationPortraitUpsideDown UIInterfaceOrientationLandscapeLeft UIInterfaceOrientationLandscapeRight";
				INFOPLIST_KEY_UISupportedInterfaceOrientations_iPhone = "UIInterfaceOrientationPortrait UIInterfaceOrientationLandscapeLeft UIInterfaceOrientationLandscapeRight";
				IPHONEOS_DEPLOYMENT_TARGET = 16.0;
				LD_RUNPATH_SEARCH_PATHS = (
					"$(inherited)",
					"@executable_path/Frameworks",
				);
				MARKETING_VERSION = 1.0;
				PRODUCT_BUNDLE_IDENTIFIER = "com.wcg.HF18.IOS-Collob";
				PRODUCT_NAME = "$(TARGET_NAME)";
				SWIFT_EMIT_LOC_STRINGS = YES;
				SWIFT_VERSION = 5.0;
				TARGETED_DEVICE_FAMILY = "1,2";
			};
			name = Release;
		};
/* End XCBuildConfiguration section */

/* Begin XCConfigurationList section */
		C3D86CF82C23E6B900F6D63A /* Build configuration list for PBXProject "IOS_Collob" */ = {
			isa = XCConfigurationList;
			buildConfigurations = (
				C3D86D122C23E6BA00F6D63A /* Debug */,
				C3D86D132C23E6BA00F6D63A /* Release */,
			);
			defaultConfigurationIsVisible = 0;
			defaultConfigurationName = Release;
		};
		C3D86D142C23E6BA00F6D63A /* Build configuration list for PBXNativeTarget "IOS_Collob" */ = {
			isa = XCConfigurationList;
			buildConfigurations = (
				C3D86D152C23E6BA00F6D63A /* Debug */,
				C3D86D162C23E6BA00F6D63A /* Release */,
			);
			defaultConfigurationIsVisible = 0;
			defaultConfigurationName = Release;
		};
/* End XCConfigurationList section */

/* Begin XCVersionGroup section */
		C3D86D092C23E6B900F6D63A /* IOS_Collob.xcdatamodeld */ = {
			isa = XCVersionGroup;
			children = (
				C3D86D0A2C23E6B900F6D63A /* IOS_Collob.xcdatamodel */,
			);
			currentVersion = C3D86D0A2C23E6B900F6D63A /* IOS_Collob.xcdatamodel */;
			path = IOS_Collob.xcdatamodeld;
			sourceTree = "<group>";
			versionGroupType = wrapper.xcdatamodel;
		};
/* End XCVersionGroup section */
	};
	rootObject = C3D86CF52C23E6B900F6D63A /* Project object */;
}
